
Microsoft Visual Studio Solution File, Format Version 12.00
# Visual Studio Version 16
VisualStudioVersion = 16.0.30503.244
MinimumVisualStudioVersion = 10.0.40219.1
Project("{FAE04EC0-301F-11D3-BF4B-00C04F79EFBC}") = "i4p1", "i4p1\i4p1.csproj", "{83EA6FD1-7550-4548-9B77-884B772CB2A8}"
EndProject
Global
	GlobalSection(SolutionConfigurationPlatforms) = preSolution
		Debug|Any CPU = Debug|Any CPU
		Release|Any CPU = Release|Any CPU
	EndGlobalSection
	GlobalSection(ProjectConfigurationPlatforms) = postSolution
		{83EA6FD1-7550-4548-9B77-884B772CB2A8}.Debug|Any CPU.ActiveCfg = Debug|Any CPU
		{83EA6FD1-7550-4548-9B77-884B772CB2A8}.Debug|Any CPU.Build.0 = Debug|Any CPU
		{83EA6FD1-7550-4548-9B77-884B772CB2A8}.Release|Any CPU.ActiveCfg = Release|Any CPU
		{83EA6FD1-7550-4548-9B77-884B772CB2A8}.Release|Any CPU.Build.0 = Release|Any CPU
	EndGlobalSection
	GlobalSection(SolutionProperties) = preSolution
		HideSolutionNode = FALSE
	EndGlobalSection
	GlobalSection(ExtensibilityGlobals) = postSolution
		SolutionGuid = {2F030594-D43D-49D9-9242-9892069CAF55}
	EndGlobalSection
EndGlobal
